// !$*UTF8*$!
{
	archiveVersion = 1;
	classes = {
	};
	objectVersion = 46;
	objects = {

/* Begin PBXBuildFile section */
		B8264C7E1E412E8700CAEFEF /* loginHandler.swift in Sources */ = {isa = PBXBuildFile; fileRef = B8264C7D1E412E8700CAEFEF /* loginHandler.swift */; };
		B8264C801E413BF200CAEFEF /* accountSelectionTableViewController.swift in Sources */ = {isa = PBXBuildFile; fileRef = B8264C7F1E413BF200CAEFEF /* accountSelectionTableViewController.swift */; };
		B831D4611E3E44C800E49F98 /* APIHandler.swift in Sources */ = {isa = PBXBuildFile; fileRef = B831D4601E3E44C800E49F98 /* APIHandler.swift */; };
		B831D4631E3EB5E400E49F98 /* characterTableViewController.swift in Sources */ = {isa = PBXBuildFile; fileRef = B831D4621E3EB5E400E49F98 /* characterTableViewController.swift */; };
		B831D4651E3EBE0E00E49F98 /* characterTableViewCell.swift in Sources */ = {isa = PBXBuildFile; fileRef = B831D4641E3EBE0E00E49F98 /* characterTableViewCell.swift */; };
		B86FFE541E3F703300C7AFF5 /* profileViewController.swift in Sources */ = {isa = PBXBuildFile; fileRef = B86FFE531E3F703300C7AFF5 /* profileViewController.swift */; };
		B86FFE561E3F7B0A00C7AFF5 /* bungieAPIConstants.swift in Sources */ = {isa = PBXBuildFile; fileRef = B86FFE551E3F7B0A00C7AFF5 /* bungieAPIConstants.swift */; };
		B87CEEDA1E3FCC450049EB7A /* profileTitleBarView.swift in Sources */ = {isa = PBXBuildFile; fileRef = B87CEED91E3FCC450049EB7A /* profileTitleBarView.swift */; };
		B88077951E3FEC9C00ABD3D9 /* settingsTableViewController.swift in Sources */ = {isa = PBXBuildFile; fileRef = B88077941E3FEC9C00ABD3D9 /* settingsTableViewController.swift */; };
		B89CD7C11E3FFA9D0019CBD4 /* AuthAPIHandler.swift in Sources */ = {isa = PBXBuildFile; fileRef = B89CD7C01E3FFA9D0019CBD4 /* AuthAPIHandler.swift */; };
		B8B298331E4153AD00983309 /* membershipTypeCell.swift in Sources */ = {isa = PBXBuildFile; fileRef = B8B298321E4153AD00983309 /* membershipTypeCell.swift */; };
		B8CBC62E1E4535F6003E6D16 /* profileCell.swift in Sources */ = {isa = PBXBuildFile; fileRef = B8CBC62D1E4535F6003E6D16 /* profileCell.swift */; };
		B8F6FB621E3BB5A3004D1C81 /* AppDelegate.swift in Sources */ = {isa = PBXBuildFile; fileRef = B8F6FB611E3BB5A3004D1C81 /* AppDelegate.swift */; };
		B8F6FB641E3BB5A3004D1C81 /* ViewController - Depreceated.swift in Sources */ = {isa = PBXBuildFile; fileRef = B8F6FB631E3BB5A3004D1C81 /* ViewController - Depreceated.swift */; };
		B8F6FB671E3BB5A3004D1C81 /* Main.storyboard in Resources */ = {isa = PBXBuildFile; fileRef = B8F6FB651E3BB5A3004D1C81 /* Main.storyboard */; };
		B8F6FB691E3BB5A3004D1C81 /* Assets.xcassets in Resources */ = {isa = PBXBuildFile; fileRef = B8F6FB681E3BB5A3004D1C81 /* Assets.xcassets */; };
		B8F6FB6C1E3BB5A3004D1C81 /* LaunchScreen.storyboard in Resources */ = {isa = PBXBuildFile; fileRef = B8F6FB6A1E3BB5A3004D1C81 /* LaunchScreen.storyboard */; };
		B8F6FB771E3BB5A3004D1C81 /* DensityTests.swift in Sources */ = {isa = PBXBuildFile; fileRef = B8F6FB761E3BB5A3004D1C81 /* DensityTests.swift */; };
		B8F6FB821E3BB5A3004D1C81 /* DensityUITests.swift in Sources */ = {isa = PBXBuildFile; fileRef = B8F6FB811E3BB5A3004D1C81 /* DensityUITests.swift */; };
/* End PBXBuildFile section */

/* Begin PBXContainerItemProxy section */
		B8F6FB731E3BB5A3004D1C81 /* PBXContainerItemProxy */ = {
			isa = PBXContainerItemProxy;
			containerPortal = B8F6FB561E3BB5A2004D1C81 /* Project object */;
			proxyType = 1;
			remoteGlobalIDString = B8F6FB5D1E3BB5A2004D1C81;
			remoteInfo = Density;
		};
		B8F6FB7E1E3BB5A3004D1C81 /* PBXContainerItemProxy */ = {
			isa = PBXContainerItemProxy;
			containerPortal = B8F6FB561E3BB5A2004D1C81 /* Project object */;
			proxyType = 1;
			remoteGlobalIDString = B8F6FB5D1E3BB5A2004D1C81;
			remoteInfo = Density;
		};
/* End PBXContainerItemProxy section */

/* Begin PBXFileReference section */
		B8264C7D1E412E8700CAEFEF /* loginHandler.swift */ = {isa = PBXFileReference; fileEncoding = 4; lastKnownFileType = sourcecode.swift; path = loginHandler.swift; sourceTree = "<group>"; };
		B8264C7F1E413BF200CAEFEF /* accountSelectionTableViewController.swift */ = {isa = PBXFileReference; fileEncoding = 4; lastKnownFileType = sourcecode.swift; path = accountSelectionTableViewController.swift; sourceTree = "<group>"; };
		B831D4601E3E44C800E49F98 /* APIHandler.swift */ = {isa = PBXFileReference; fileEncoding = 4; lastKnownFileType = sourcecode.swift; path = APIHandler.swift; sourceTree = "<group>"; };
		B831D4621E3EB5E400E49F98 /* characterTableViewController.swift */ = {isa = PBXFileReference; fileEncoding = 4; lastKnownFileType = sourcecode.swift; path = characterTableViewController.swift; sourceTree = "<group>"; };
		B831D4641E3EBE0E00E49F98 /* characterTableViewCell.swift */ = {isa = PBXFileReference; fileEncoding = 4; lastKnownFileType = sourcecode.swift; path = characterTableViewCell.swift; sourceTree = "<group>"; };
		B86FFE531E3F703300C7AFF5 /* profileViewController.swift */ = {isa = PBXFileReference; fileEncoding = 4; lastKnownFileType = sourcecode.swift; path = profileViewController.swift; sourceTree = "<group>"; };
		B86FFE551E3F7B0A00C7AFF5 /* bungieAPIConstants.swift */ = {isa = PBXFileReference; fileEncoding = 4; lastKnownFileType = sourcecode.swift; path = bungieAPIConstants.swift; sourceTree = "<group>"; };
		B87CEED91E3FCC450049EB7A /* profileTitleBarView.swift */ = {isa = PBXFileReference; fileEncoding = 4; lastKnownFileType = sourcecode.swift; path = profileTitleBarView.swift; sourceTree = "<group>"; };
		B88077941E3FEC9C00ABD3D9 /* settingsTableViewController.swift */ = {isa = PBXFileReference; fileEncoding = 4; lastKnownFileType = sourcecode.swift; path = settingsTableViewController.swift; sourceTree = "<group>"; };
		B89CD7C01E3FFA9D0019CBD4 /* AuthAPIHandler.swift */ = {isa = PBXFileReference; fileEncoding = 4; lastKnownFileType = sourcecode.swift; path = AuthAPIHandler.swift; sourceTree = "<group>"; };
		B8B298321E4153AD00983309 /* membershipTypeCell.swift */ = {isa = PBXFileReference; fileEncoding = 4; lastKnownFileType = sourcecode.swift; path = membershipTypeCell.swift; sourceTree = "<group>"; };
		B8CBC62D1E4535F6003E6D16 /* profileCell.swift */ = {isa = PBXFileReference; fileEncoding = 4; lastKnownFileType = sourcecode.swift; path = profileCell.swift; sourceTree = "<group>"; };
		B8F6FB5E1E3BB5A3004D1C81 /* Density.app */ = {isa = PBXFileReference; explicitFileType = wrapper.application; includeInIndex = 0; path = Density.app; sourceTree = BUILT_PRODUCTS_DIR; };
		B8F6FB611E3BB5A3004D1C81 /* AppDelegate.swift */ = {isa = PBXFileReference; lastKnownFileType = sourcecode.swift; path = AppDelegate.swift; sourceTree = "<group>"; };
		B8F6FB631E3BB5A3004D1C81 /* ViewController - Depreceated.swift */ = {isa = PBXFileReference; lastKnownFileType = sourcecode.swift; path = "ViewController - Depreceated.swift"; sourceTree = "<group>"; };
		B8F6FB661E3BB5A3004D1C81 /* Base */ = {isa = PBXFileReference; lastKnownFileType = file.storyboard; name = Base; path = Base.lproj/Main.storyboard; sourceTree = "<group>"; };
		B8F6FB681E3BB5A3004D1C81 /* Assets.xcassets */ = {isa = PBXFileReference; lastKnownFileType = folder.assetcatalog; path = Assets.xcassets; sourceTree = "<group>"; };
		B8F6FB6B1E3BB5A3004D1C81 /* Base */ = {isa = PBXFileReference; lastKnownFileType = file.storyboard; name = Base; path = Base.lproj/LaunchScreen.storyboard; sourceTree = "<group>"; };
		B8F6FB6D1E3BB5A3004D1C81 /* Info.plist */ = {isa = PBXFileReference; lastKnownFileType = text.plist.xml; path = Info.plist; sourceTree = "<group>"; };
		B8F6FB721E3BB5A3004D1C81 /* DensityTests.xctest */ = {isa = PBXFileReference; explicitFileType = wrapper.cfbundle; includeInIndex = 0; path = DensityTests.xctest; sourceTree = BUILT_PRODUCTS_DIR; };
		B8F6FB761E3BB5A3004D1C81 /* DensityTests.swift */ = {isa = PBXFileReference; lastKnownFileType = sourcecode.swift; path = DensityTests.swift; sourceTree = "<group>"; };
		B8F6FB781E3BB5A3004D1C81 /* Info.plist */ = {isa = PBXFileReference; lastKnownFileType = text.plist.xml; path = Info.plist; sourceTree = "<group>"; };
		B8F6FB7D1E3BB5A3004D1C81 /* DensityUITests.xctest */ = {isa = PBXFileReference; explicitFileType = wrapper.cfbundle; includeInIndex = 0; path = DensityUITests.xctest; sourceTree = BUILT_PRODUCTS_DIR; };
		B8F6FB811E3BB5A3004D1C81 /* DensityUITests.swift */ = {isa = PBXFileReference; lastKnownFileType = sourcecode.swift; path = DensityUITests.swift; sourceTree = "<group>"; };
		B8F6FB831E3BB5A3004D1C81 /* Info.plist */ = {isa = PBXFileReference; lastKnownFileType = text.plist.xml; path = Info.plist; sourceTree = "<group>"; };
/* End PBXFileReference section */

/* Begin PBXFrameworksBuildPhase section */
		B8F6FB5B1E3BB5A2004D1C81 /* Frameworks */ = {
			isa = PBXFrameworksBuildPhase;
			buildActionMask = 2147483647;
			files = (
			);
			runOnlyForDeploymentPostprocessing = 0;
		};
		B8F6FB6F1E3BB5A3004D1C81 /* Frameworks */ = {
			isa = PBXFrameworksBuildPhase;
			buildActionMask = 2147483647;
			files = (
			);
			runOnlyForDeploymentPostprocessing = 0;
		};
		B8F6FB7A1E3BB5A3004D1C81 /* Frameworks */ = {
			isa = PBXFrameworksBuildPhase;
			buildActionMask = 2147483647;
			files = (
			);
			runOnlyForDeploymentPostprocessing = 0;
		};
/* End PBXFrameworksBuildPhase section */

/* Begin PBXGroup section */
		B87CEED81E3FCB1D0049EB7A /* Bungie_API */ = {
			isa = PBXGroup;
			children = (
				B831D4601E3E44C800E49F98 /* APIHandler.swift */,
				B89CD7C01E3FFA9D0019CBD4 /* AuthAPIHandler.swift */,
				B86FFE551E3F7B0A00C7AFF5 /* bungieAPIConstants.swift */,
				B8264C7D1E412E8700CAEFEF /* loginHandler.swift */,
			);
			name = Bungie_API;
			sourceTree = "<group>";
		};
		B87CEEDB1E3FD6880049EB7A /* Profile View */ = {
			isa = PBXGroup;
			children = (
				B86FFE531E3F703300C7AFF5 /* profileViewController.swift */,
				B87CEED91E3FCC450049EB7A /* profileTitleBarView.swift */,
			);
			name = "Profile View";
			sourceTree = "<group>";
		};
		B88077901E3FE6F100ABD3D9 /* More */ = {
			isa = PBXGroup;
			children = (
				B88077911E3FE6F500ABD3D9 /* Settings */,
			);
			name = More;
			sourceTree = "<group>";
		};
		B88077911E3FE6F500ABD3D9 /* Settings */ = {
			isa = PBXGroup;
			children = (
				B88077941E3FEC9C00ABD3D9 /* settingsTableViewController.swift */,
				B8264C7F1E413BF200CAEFEF /* accountSelectionTableViewController.swift */,
			);
			name = Settings;
			sourceTree = "<group>";
		};
		B8CCDC161E3FDD0100182BF8 /* CharacterList View */ = {
			isa = PBXGroup;
			children = (
				B831D4621E3EB5E400E49F98 /* characterTableViewController.swift */,
				B831D4641E3EBE0E00E49F98 /* characterTableViewCell.swift */,
				B8B298321E4153AD00983309 /* membershipTypeCell.swift */,
				B8CBC62D1E4535F6003E6D16 /* profileCell.swift */,
			);
			name = "CharacterList View";
			sourceTree = "<group>";
		};
		B8F6FB551E3BB5A2004D1C81 = {
			isa = PBXGroup;
			children = (
				B8F6FB601E3BB5A3004D1C81 /* Density */,
				B8F6FB751E3BB5A3004D1C81 /* DensityTests */,
				B8F6FB801E3BB5A3004D1C81 /* DensityUITests */,
				B8F6FB5F1E3BB5A3004D1C81 /* Products */,
			);
			sourceTree = "<group>";
		};
		B8F6FB5F1E3BB5A3004D1C81 /* Products */ = {
			isa = PBXGroup;
			children = (
				B8F6FB5E1E3BB5A3004D1C81 /* Density.app */,
				B8F6FB721E3BB5A3004D1C81 /* DensityTests.xctest */,
				B8F6FB7D1E3BB5A3004D1C81 /* DensityUITests.xctest */,
			);
			name = Products;
			sourceTree = "<group>";
		};
		B8F6FB601E3BB5A3004D1C81 /* Density */ = {
			isa = PBXGroup;
			children = (
				B8F6FB611E3BB5A3004D1C81 /* AppDelegate.swift */,
				B8F6FB631E3BB5A3004D1C81 /* ViewController - Depreceated.swift */,
				B88077901E3FE6F100ABD3D9 /* More */,
				B8CCDC161E3FDD0100182BF8 /* CharacterList View */,
				B87CEEDB1E3FD6880049EB7A /* Profile View */,
				B87CEED81E3FCB1D0049EB7A /* Bungie_API */,
				B8F6FB651E3BB5A3004D1C81 /* Main.storyboard */,
				B8F6FB681E3BB5A3004D1C81 /* Assets.xcassets */,
				B8F6FB6A1E3BB5A3004D1C81 /* LaunchScreen.storyboard */,
				B8F6FB6D1E3BB5A3004D1C81 /* Info.plist */,
			);
			path = Density;
			sourceTree = "<group>";
		};
		B8F6FB751E3BB5A3004D1C81 /* DensityTests */ = {
			isa = PBXGroup;
			children = (
				B8F6FB761E3BB5A3004D1C81 /* DensityTests.swift */,
				B8F6FB781E3BB5A3004D1C81 /* Info.plist */,
			);
			path = DensityTests;
			sourceTree = SOURCE_ROOT;
		};
		B8F6FB801E3BB5A3004D1C81 /* DensityUITests */ = {
			isa = PBXGroup;
			children = (
				B8F6FB811E3BB5A3004D1C81 /* DensityUITests.swift */,
				B8F6FB831E3BB5A3004D1C81 /* Info.plist */,
			);
			path = DensityUITests;
			sourceTree = "<group>";
		};
/* End PBXGroup section */

/* Begin PBXNativeTarget section */
		B8F6FB5D1E3BB5A2004D1C81 /* Density */ = {
			isa = PBXNativeTarget;
			buildConfigurationList = B8F6FB861E3BB5A3004D1C81 /* Build configuration list for PBXNativeTarget "Density" */;
			buildPhases = (
				B8F6FB5A1E3BB5A2004D1C81 /* Sources */,
				B8F6FB5B1E3BB5A2004D1C81 /* Frameworks */,
				B8F6FB5C1E3BB5A2004D1C81 /* Resources */,
			);
			buildRules = (
			);
			dependencies = (
			);
			name = Density;
			productName = Density;
			productReference = B8F6FB5E1E3BB5A3004D1C81 /* Density.app */;
			productType = "com.apple.product-type.application";
		};
		B8F6FB711E3BB5A3004D1C81 /* DensityTests */ = {
			isa = PBXNativeTarget;
			buildConfigurationList = B8F6FB891E3BB5A3004D1C81 /* Build configuration list for PBXNativeTarget "DensityTests" */;
			buildPhases = (
				B8F6FB6E1E3BB5A3004D1C81 /* Sources */,
				B8F6FB6F1E3BB5A3004D1C81 /* Frameworks */,
				B8F6FB701E3BB5A3004D1C81 /* Resources */,
			);
			buildRules = (
			);
			dependencies = (
				B8F6FB741E3BB5A3004D1C81 /* PBXTargetDependency */,
			);
			name = DensityTests;
			productName = DensityTests;
			productReference = B8F6FB721E3BB5A3004D1C81 /* DensityTests.xctest */;
			productType = "com.apple.product-type.bundle.unit-test";
		};
		B8F6FB7C1E3BB5A3004D1C81 /* DensityUITests */ = {
			isa = PBXNativeTarget;
			buildConfigurationList = B8F6FB8C1E3BB5A3004D1C81 /* Build configuration list for PBXNativeTarget "DensityUITests" */;
			buildPhases = (
				B8F6FB791E3BB5A3004D1C81 /* Sources */,
				B8F6FB7A1E3BB5A3004D1C81 /* Frameworks */,
				B8F6FB7B1E3BB5A3004D1C81 /* Resources */,
			);
			buildRules = (
			);
			dependencies = (
				B8F6FB7F1E3BB5A3004D1C81 /* PBXTargetDependency */,
			);
			name = DensityUITests;
			productName = DensityUITests;
			productReference = B8F6FB7D1E3BB5A3004D1C81 /* DensityUITests.xctest */;
			productType = "com.apple.product-type.bundle.ui-testing";
		};
/* End PBXNativeTarget section */

/* Begin PBXProject section */
		B8F6FB561E3BB5A2004D1C81 /* Project object */ = {
			isa = PBXProject;
			attributes = {
				LastSwiftUpdateCheck = 0820;
				LastUpgradeCheck = 0820;
				ORGANIZATIONNAME = "Lennart Hase";
				TargetAttributes = {
					B8F6FB5D1E3BB5A2004D1C81 = {
						CreatedOnToolsVersion = 8.2.1;
						DevelopmentTeam = DSMA9DEWW6;
						ProvisioningStyle = Automatic;
					};
					B8F6FB711E3BB5A3004D1C81 = {
						CreatedOnToolsVersion = 8.2.1;
						DevelopmentTeam = DSMA9DEWW6;
						ProvisioningStyle = Automatic;
						TestTargetID = B8F6FB5D1E3BB5A2004D1C81;
					};
					B8F6FB7C1E3BB5A3004D1C81 = {
						CreatedOnToolsVersion = 8.2.1;
						DevelopmentTeam = DSMA9DEWW6;
						ProvisioningStyle = Automatic;
						TestTargetID = B8F6FB5D1E3BB5A2004D1C81;
					};
				};
			};
			buildConfigurationList = B8F6FB591E3BB5A2004D1C81 /* Build configuration list for PBXProject "Density" */;
			compatibilityVersion = "Xcode 3.2";
			developmentRegion = English;
			hasScannedForEncodings = 0;
			knownRegions = (
				en,
				Base,
			);
			mainGroup = B8F6FB551E3BB5A2004D1C81;
			productRefGroup = B8F6FB5F1E3BB5A3004D1C81 /* Products */;
			projectDirPath = "";
			projectRoot = "";
			targets = (
				B8F6FB5D1E3BB5A2004D1C81 /* Density */,
				B8F6FB711E3BB5A3004D1C81 /* DensityTests */,
				B8F6FB7C1E3BB5A3004D1C81 /* DensityUITests */,
			);
		};
/* End PBXProject section */

/* Begin PBXResourcesBuildPhase section */
		B8F6FB5C1E3BB5A2004D1C81 /* Resources */ = {
			isa = PBXResourcesBuildPhase;
			buildActionMask = 2147483647;
			files = (
				B8F6FB6C1E3BB5A3004D1C81 /* LaunchScreen.storyboard in Resources */,
				B8F6FB691E3BB5A3004D1C81 /* Assets.xcassets in Resources */,
				B8F6FB671E3BB5A3004D1C81 /* Main.storyboard in Resources */,
			);
			runOnlyForDeploymentPostprocessing = 0;
		};
		B8F6FB701E3BB5A3004D1C81 /* Resources */ = {
			isa = PBXResourcesBuildPhase;
			buildActionMask = 2147483647;
			files = (
			);
			runOnlyForDeploymentPostprocessing = 0;
		};
		B8F6FB7B1E3BB5A3004D1C81 /* Resources */ = {
			isa = PBXResourcesBuildPhase;
			buildActionMask = 2147483647;
			files = (
			);
			runOnlyForDeploymentPostprocessing = 0;
		};
/* End PBXResourcesBuildPhase section */

/* Begin PBXSourcesBuildPhase section */
		B8F6FB5A1E3BB5A2004D1C81 /* Sources */ = {
			isa = PBXSourcesBuildPhase;
			buildActionMask = 2147483647;
			files = (
				B8F6FB641E3BB5A3004D1C81 /* ViewController - Depreceated.swift in Sources */,
				B86FFE561E3F7B0A00C7AFF5 /* bungieAPIConstants.swift in Sources */,
				B8264C7E1E412E8700CAEFEF /* loginHandler.swift in Sources */,
				B88077951E3FEC9C00ABD3D9 /* settingsTableViewController.swift in Sources */,
				B86FFE541E3F703300C7AFF5 /* profileViewController.swift in Sources */,
				B8CBC62E1E4535F6003E6D16 /* profileCell.swift in Sources */,
				B8B298331E4153AD00983309 /* membershipTypeCell.swift in Sources */,
				B8F6FB621E3BB5A3004D1C81 /* AppDelegate.swift in Sources */,
				B89CD7C11E3FFA9D0019CBD4 /* AuthAPIHandler.swift in Sources */,
				B831D4651E3EBE0E00E49F98 /* characterTableViewCell.swift in Sources */,
				B831D4631E3EB5E400E49F98 /* characterTableViewController.swift in Sources */,
				B831D4611E3E44C800E49F98 /* APIHandler.swift in Sources */,
				B8264C801E413BF200CAEFEF /* accountSelectionTableViewController.swift in Sources */,
				B87CEEDA1E3FCC450049EB7A /* profileTitleBarView.swift in Sources */,
			);
			runOnlyForDeploymentPostprocessing = 0;
		};
		B8F6FB6E1E3BB5A3004D1C81 /* Sources */ = {
			isa = PBXSourcesBuildPhase;
			buildActionMask = 2147483647;
			files = (
				B8F6FB771E3BB5A3004D1C81 /* DensityTests.swift in Sources */,
			);
			runOnlyForDeploymentPostprocessing = 0;
		};
		B8F6FB791E3BB5A3004D1C81 /* Sources */ = {
			isa = PBXSourcesBuildPhase;
			buildActionMask = 2147483647;
			files = (
				B8F6FB821E3BB5A3004D1C81 /* DensityUITests.swift in Sources */,
			);
			runOnlyForDeploymentPostprocessing = 0;
		};
/* End PBXSourcesBuildPhase section */

/* Begin PBXTargetDependency section */
		B8F6FB741E3BB5A3004D1C81 /* PBXTargetDependency */ = {
			isa = PBXTargetDependency;
			target = B8F6FB5D1E3BB5A2004D1C81 /* Density */;
			targetProxy = B8F6FB731E3BB5A3004D1C81 /* PBXContainerItemProxy */;
		};
		B8F6FB7F1E3BB5A3004D1C81 /* PBXTargetDependency */ = {
			isa = PBXTargetDependency;
			target = B8F6FB5D1E3BB5A2004D1C81 /* Density */;
			targetProxy = B8F6FB7E1E3BB5A3004D1C81 /* PBXContainerItemProxy */;
		};
/* End PBXTargetDependency section */

/* Begin PBXVariantGroup section */
		B8F6FB651E3BB5A3004D1C81 /* Main.storyboard */ = {
			isa = PBXVariantGroup;
			children = (
				B8F6FB661E3BB5A3004D1C81 /* Base */,
			);
			name = Main.storyboard;
			sourceTree = "<group>";
		};
		B8F6FB6A1E3BB5A3004D1C81 /* LaunchScreen.storyboard */ = {
			isa = PBXVariantGroup;
			children = (
				B8F6FB6B1E3BB5A3004D1C81 /* Base */,
			);
			name = LaunchScreen.storyboard;
			sourceTree = "<group>";
		};
/* End PBXVariantGroup section */

/* Begin XCBuildConfiguration section */
		B8F6FB841E3BB5A3004D1C81 /* Debug */ = {
			isa = XCBuildConfiguration;
			buildSettings = {
				ALWAYS_SEARCH_USER_PATHS = NO;
				CLANG_ANALYZER_NONNULL = YES;
				CLANG_CXX_LANGUAGE_STANDARD = "gnu++0x";
				CLANG_CXX_LIBRARY = "libc++";
				CLANG_ENABLE_MODULES = YES;
				CLANG_ENABLE_OBJC_ARC = YES;
				CLANG_WARN_BOOL_CONVERSION = YES;
				CLANG_WARN_CONSTANT_CONVERSION = YES;
				CLANG_WARN_DIRECT_OBJC_ISA_USAGE = YES_ERROR;
				CLANG_WARN_DOCUMENTATION_COMMENTS = YES;
				CLANG_WARN_EMPTY_BODY = YES;
				CLANG_WARN_ENUM_CONVERSION = YES;
				CLANG_WARN_INFINITE_RECURSION = YES;
				CLANG_WARN_INT_CONVERSION = YES;
				CLANG_WARN_OBJC_ROOT_CLASS = YES_ERROR;
				CLANG_WARN_SUSPICIOUS_MOVE = YES;
				CLANG_WARN_UNREACHABLE_CODE = YES;
				CLANG_WARN__DUPLICATE_METHOD_MATCH = YES;
				"CODE_SIGN_IDENTITY[sdk=iphoneos*]" = "iPhone Developer";
				COPY_PHASE_STRIP = NO;
				DEBUG_INFORMATION_FORMAT = dwarf;
				ENABLE_STRICT_OBJC_MSGSEND = YES;
				ENABLE_TESTABILITY = YES;
				GCC_C_LANGUAGE_STANDARD = gnu99;
				GCC_DYNAMIC_NO_PIC = NO;
				GCC_NO_COMMON_BLOCKS = YES;
				GCC_OPTIMIZATION_LEVEL = 0;
				GCC_PREPROCESSOR_DEFINITIONS = (
					"DEBUG=1",
					"$(inherited)",
				);
				GCC_WARN_64_TO_32_BIT_CONVERSION = YES;
				GCC_WARN_ABOUT_RETURN_TYPE = YES_ERROR;
				GCC_WARN_UNDECLARED_SELECTOR = YES;
				GCC_WARN_UNINITIALIZED_AUTOS = YES_AGGRESSIVE;
				GCC_WARN_UNUSED_FUNCTION = YES;
				GCC_WARN_UNUSED_VARIABLE = YES;
				IPHONEOS_DEPLOYMENT_TARGET = 10.2;
				MTL_ENABLE_DEBUG_INFO = YES;
				ONLY_ACTIVE_ARCH = YES;
				SDKROOT = iphoneos;
				SWIFT_ACTIVE_COMPILATION_CONDITIONS = DEBUG;
				SWIFT_OPTIMIZATION_LEVEL = "-Onone";
				TARGETED_DEVICE_FAMILY = "1,2";
			};
			name = Debug;
		};
		B8F6FB851E3BB5A3004D1C81 /* Release */ = {
			isa = XCBuildConfiguration;
			buildSettings = {
				ALWAYS_SEARCH_USER_PATHS = NO;
				CLANG_ANALYZER_NONNULL = YES;
				CLANG_CXX_LANGUAGE_STANDARD = "gnu++0x";
				CLANG_CXX_LIBRARY = "libc++";
				CLANG_ENABLE_MODULES = YES;
				CLANG_ENABLE_OBJC_ARC = YES;
				CLANG_WARN_BOOL_CONVERSION = YES;
				CLANG_WARN_CONSTANT_CONVERSION = YES;
				CLANG_WARN_DIRECT_OBJC_ISA_USAGE = YES_ERROR;
				CLANG_WARN_DOCUMENTATION_COMMENTS = YES;
				CLANG_WARN_EMPTY_BODY = YES;
				CLANG_WARN_ENUM_CONVERSION = YES;
				CLANG_WARN_INFINITE_RECURSION = YES;
				CLANG_WARN_INT_CONVERSION = YES;
				CLANG_WARN_OBJC_ROOT_CLASS = YES_ERROR;
				CLANG_WARN_SUSPICIOUS_MOVE = YES;
				CLANG_WARN_UNREACHABLE_CODE = YES;
				CLANG_WARN__DUPLICATE_METHOD_MATCH = YES;
				"CODE_SIGN_IDENTITY[sdk=iphoneos*]" = "iPhone Developer";
				COPY_PHASE_STRIP = NO;
				DEBUG_INFORMATION_FORMAT = "dwarf-with-dsym";
				ENABLE_NS_ASSERTIONS = NO;
				ENABLE_STRICT_OBJC_MSGSEND = YES;
				GCC_C_LANGUAGE_STANDARD = gnu99;
				GCC_NO_COMMON_BLOCKS = YES;
				GCC_WARN_64_TO_32_BIT_CONVERSION = YES;
				GCC_WARN_ABOUT_RETURN_TYPE = YES_ERROR;
				GCC_WARN_UNDECLARED_SELECTOR = YES;
				GCC_WARN_UNINITIALIZED_AUTOS = YES_AGGRESSIVE;
				GCC_WARN_UNUSED_FUNCTION = YES;
				GCC_WARN_UNUSED_VARIABLE = YES;
				IPHONEOS_DEPLOYMENT_TARGET = 10.2;
				MTL_ENABLE_DEBUG_INFO = NO;
				SDKROOT = iphoneos;
				SWIFT_OPTIMIZATION_LEVEL = "-Owholemodule";
				TARGETED_DEVICE_FAMILY = "1,2";
				VALIDATE_PRODUCT = YES;
			};
			name = Release;
		};
		B8F6FB871E3BB5A3004D1C81 /* Debug */ = {
			isa = XCBuildConfiguration;
			buildSettings = {
				ASSETCATALOG_COMPILER_APPICON_NAME = AppIcon;
				DEVELOPMENT_TEAM = DSMA9DEWW6;
				INFOPLIST_FILE = Density/Info.plist;
				LD_RUNPATH_SEARCH_PATHS = "$(inherited) @executable_path/Frameworks";
				PRODUCT_BUNDLE_IDENTIFIER = localhost.Density;
				PRODUCT_NAME = "$(TARGET_NAME)";
				SWIFT_VERSION = 3.0;
			};
			name = Debug;
		};
		B8F6FB881E3BB5A3004D1C81 /* Release */ = {
			isa = XCBuildConfiguration;
			buildSettings = {
				ASSETCATALOG_COMPILER_APPICON_NAME = AppIcon;
				DEVELOPMENT_TEAM = DSMA9DEWW6;
				INFOPLIST_FILE = Density/Info.plist;
				LD_RUNPATH_SEARCH_PATHS = "$(inherited) @executable_path/Frameworks";
				PRODUCT_BUNDLE_IDENTIFIER = localhost.Density;
				PRODUCT_NAME = "$(TARGET_NAME)";
				SWIFT_VERSION = 3.0;
			};
			name = Release;
		};
		B8F6FB8A1E3BB5A3004D1C81 /* Debug */ = {
			isa = XCBuildConfiguration;
			buildSettings = {
				ALWAYS_EMBED_SWIFT_STANDARD_LIBRARIES = YES;
				BUNDLE_LOADER = "$(TEST_HOST)";
				DEVELOPMENT_TEAM = DSMA9DEWW6;
				INFOPLIST_FILE = DensityTests/Info.plist;
				LD_RUNPATH_SEARCH_PATHS = "$(inherited) @executable_path/Frameworks @loader_path/Frameworks";
				PRODUCT_BUNDLE_IDENTIFIER = localhost.DensityTests;
				PRODUCT_NAME = "$(TARGET_NAME)";
				SWIFT_VERSION = 3.0;
				TEST_HOST = "$(BUILT_PRODUCTS_DIR)/Density.app/Density";
			};
			name = Debug;
		};
		B8F6FB8B1E3BB5A3004D1C81 /* Release */ = {
			isa = XCBuildConfiguration;
			buildSettings = {
				ALWAYS_EMBED_SWIFT_STANDARD_LIBRARIES = YES;
				BUNDLE_LOADER = "$(TEST_HOST)";
				DEVELOPMENT_TEAM = DSMA9DEWW6;
				INFOPLIST_FILE = DensityTests/Info.plist;
				LD_RUNPATH_SEARCH_PATHS = "$(inherited) @executable_path/Frameworks @loader_path/Frameworks";
				PRODUCT_BUNDLE_IDENTIFIER = localhost.DensityTests;
				PRODUCT_NAME = "$(TARGET_NAME)";
				SWIFT_VERSION = 3.0;
				TEST_HOST = "$(BUILT_PRODUCTS_DIR)/Density.app/Density";
			};
			name = Release;
		};
		B8F6FB8D1E3BB5A3004D1C81 /* Debug */ = {
			isa = XCBuildConfiguration;
			buildSettings = {
				ALWAYS_EMBED_SWIFT_STANDARD_LIBRARIES = YES;
				DEVELOPMENT_TEAM = DSMA9DEWW6;
				INFOPLIST_FILE = DensityUITests/Info.plist;
				LD_RUNPATH_SEARCH_PATHS = "$(inherited) @executable_path/Frameworks @loader_path/Frameworks";
				PRODUCT_BUNDLE_IDENTIFIER = localhost.DensityUITests;
				PRODUCT_NAME = "$(TARGET_NAME)";
				SWIFT_VERSION = 3.0;
				TEST_TARGET_NAME = Density;
			};
			name = Debug;
		};
		B8F6FB8E1E3BB5A3004D1C81 /* Release */ = {
			isa = XCBuildConfiguration;
			buildSettings = {
				ALWAYS_EMBED_SWIFT_STANDARD_LIBRARIES = YES;
				DEVELOPMENT_TEAM = DSMA9DEWW6;
				INFOPLIST_FILE = DensityUITests/Info.plist;
				LD_RUNPATH_SEARCH_PATHS = "$(inherited) @executable_path/Frameworks @loader_path/Frameworks";
				PRODUCT_BUNDLE_IDENTIFIER = localhost.DensityUITests;
				PRODUCT_NAME = "$(TARGET_NAME)";
				SWIFT_VERSION = 3.0;
				TEST_TARGET_NAME = Density;
			};
			name = Release;
		};
/* End XCBuildConfiguration section */

/* Begin XCConfigurationList section */
		B8F6FB591E3BB5A2004D1C81 /* Build configuration list for PBXProject "Density" */ = {
			isa = XCConfigurationList;
			buildConfigurations = (
				B8F6FB841E3BB5A3004D1C81 /* Debug */,
				B8F6FB851E3BB5A3004D1C81 /* Release */,
			);
			defaultConfigurationIsVisible = 0;
			defaultConfigurationName = Release;
		};
		B8F6FB861E3BB5A3004D1C81 /* Build configuration list for PBXNativeTarget "Density" */ = {
			isa = XCConfigurationList;
			buildConfigurations = (
				B8F6FB871E3BB5A3004D1C81 /* Debug */,
				B8F6FB881E3BB5A3004D1C81 /* Release */,
			);
			defaultConfigurationIsVisible = 0;
			defaultConfigurationName = Release;
		};
		B8F6FB891E3BB5A3004D1C81 /* Build configuration list for PBXNativeTarget "DensityTests" */ = {
			isa = XCConfigurationList;
			buildConfigurations = (
				B8F6FB8A1E3BB5A3004D1C81 /* Debug */,
				B8F6FB8B1E3BB5A3004D1C81 /* Release */,
			);
			defaultConfigurationIsVisible = 0;
			defaultConfigurationName = Release;
		};
		B8F6FB8C1E3BB5A3004D1C81 /* Build configuration list for PBXNativeTarget "DensityUITests" */ = {
			isa = XCConfigurationList;
			buildConfigurations = (
				B8F6FB8D1E3BB5A3004D1C81 /* Debug */,
				B8F6FB8E1E3BB5A3004D1C81 /* Release */,
			);
			defaultConfigurationIsVisible = 0;
			defaultConfigurationName = Release;
		};
/* End XCConfigurationList section */
	};
	rootObject = B8F6FB561E3BB5A2004D1C81 /* Project object */;
}
